
Microsoft Visual Studio Solution File, Format Version 12.00
# Visual Studio Version 17
VisualStudioVersion = 17.0.31903.59
MinimumVisualStudioVersion = 10.0.40219.1
Project("{9A19103F-16F7-4668-BE54-9A1E7A4F7556}") = "WASP", "WASP\WASP.csproj", "{7D5C13C8-E09F-4B3C-8572-7A4107820F6F}"
EndProject
Project("{9A19103F-16F7-4668-BE54-9A1E7A4F7556}") = "BassService", "BassService\BassService.csproj", "{BDD0E31B-E145-4310-A60F-6252BED6C3FE}"
EndProject
Project("{9A19103F-16F7-4668-BE54-9A1E7A4F7556}") = "Common", "Common\Common.csproj", "{500968CD-207E-452A-B4C8-41D20738AC40}"
EndProject
Project("{9A19103F-16F7-4668-BE54-9A1E7A4F7556}") = "Playlist", "Playlist\Playlist.csproj", "{5D25CC0B-1C78-4ECD-A653-996B08B3B9AB}"
EndProject
Project("{FAE04EC0-301F-11D3-BF4B-00C04F79EFBC}") = "Database", "Database\Database.csproj", "{28914D74-62D3-409A-A302-E359EAE9FF77}"
EndProject
Global
	GlobalSection(SolutionConfigurationPlatforms) = preSolution
		Debug|Any CPU = Debug|Any CPU
		Release|Any CPU = Release|Any CPU
	EndGlobalSection
	GlobalSection(ProjectConfigurationPlatforms) = postSolution
		{7D5C13C8-E09F-4B3C-8572-7A4107820F6F}.Debug|Any CPU.ActiveCfg = Debug|Any CPU
		{7D5C13C8-E09F-4B3C-8572-7A4107820F6F}.Debug|Any CPU.Build.0 = Debug|Any CPU
		{7D5C13C8-E09F-4B3C-8572-7A4107820F6F}.Release|Any CPU.ActiveCfg = Release|Any CPU
		{7D5C13C8-E09F-4B3C-8572-7A4107820F6F}.Release|Any CPU.Build.0 = Release|Any CPU
		{BDD0E31B-E145-4310-A60F-6252BED6C3FE}.Debug|Any CPU.ActiveCfg = Debug|Any CPU
		{BDD0E31B-E145-4310-A60F-6252BED6C3FE}.Debug|Any CPU.Build.0 = Debug|Any CPU
		{BDD0E31B-E145-4310-A60F-6252BED6C3FE}.Release|Any CPU.ActiveCfg = Release|Any CPU
		{BDD0E31B-E145-4310-A60F-6252BED6C3FE}.Release|Any CPU.Build.0 = Release|Any CPU
		{500968CD-207E-452A-B4C8-41D20738AC40}.Debug|Any CPU.ActiveCfg = Debug|Any CPU
		{500968CD-207E-452A-B4C8-41D20738AC40}.Debug|Any CPU.Build.0 = Debug|Any CPU
		{500968CD-207E-452A-B4C8-41D20738AC40}.Release|Any CPU.ActiveCfg = Release|Any CPU
		{500968CD-207E-452A-B4C8-41D20738AC40}.Release|Any CPU.Build.0 = Release|Any CPU
		{5D25CC0B-1C78-4ECD-A653-996B08B3B9AB}.Debug|Any CPU.ActiveCfg = Debug|Any CPU
		{5D25CC0B-1C78-4ECD-A653-996B08B3B9AB}.Debug|Any CPU.Build.0 = Debug|Any CPU
		{5D25CC0B-1C78-4ECD-A653-996B08B3B9AB}.Release|Any CPU.ActiveCfg = Release|Any CPU
		{5D25CC0B-1C78-4ECD-A653-996B08B3B9AB}.Release|Any CPU.Build.0 = Release|Any CPU
		{28914D74-62D3-409A-A302-E359EAE9FF77}.Debug|Any CPU.ActiveCfg = Debug|Any CPU
		{28914D74-62D3-409A-A302-E359EAE9FF77}.Debug|Any CPU.Build.0 = Debug|Any CPU
		{28914D74-62D3-409A-A302-E359EAE9FF77}.Release|Any CPU.ActiveCfg = Release|Any CPU
		{28914D74-62D3-409A-A302-E359EAE9FF77}.Release|Any CPU.Build.0 = Release|Any CPU
	EndGlobalSection
	GlobalSection(SolutionProperties) = preSolution
		HideSolutionNode = FALSE
	EndGlobalSection
	GlobalSection(ExtensibilityGlobals) = postSolution
		SolutionGuid = {5A999698-FC6F-44C8-8C54-9343DE0128CD}
	EndGlobalSection
EndGlobal
